
Microsoft Visual Studio Solution File, Format Version 12.00
# Visual Studio 2013
VisualStudioVersion = 12.0.31101.0
MinimumVisualStudioVersion = 10.0.40219.1
Project("{FAE04EC0-301F-11D3-BF4B-00C04F79EFBC}") = "ReleaseTracker.DataAccess", "ReleaseTracker.DataAccess\ReleaseTracker.DataAccess.csproj", "{517F11A4-1489-4682-910E-3C1180937D86}"
EndProject
Project("{FAE04EC0-301F-11D3-BF4B-00C04F79EFBC}") = "ReleaseTracker.Core", "ReleaseTracker.Core\ReleaseTracker.Core.csproj", "{0FA32104-3AE6-44E8-BE86-FB9E7BB13F6C}"
EndProject
Project("{FAE04EC0-301F-11D3-BF4B-00C04F79EFBC}") = "ReleaseTracker.WebUI", "ReleaseTracker.WebUI\ReleaseTracker.WebUI.csproj", "{C958B1B8-7BF3-4645-8C6E-1F0E61F7610C}"
EndProject
Global
	GlobalSection(SolutionConfigurationPlatforms) = preSolution
		Debug|Any CPU = Debug|Any CPU
		Release|Any CPU = Release|Any CPU
	EndGlobalSection
	GlobalSection(ProjectConfigurationPlatforms) = postSolution
		{517F11A4-1489-4682-910E-3C1180937D86}.Debug|Any CPU.ActiveCfg = Debug|Any CPU
		{517F11A4-1489-4682-910E-3C1180937D86}.Debug|Any CPU.Build.0 = Debug|Any CPU
		{517F11A4-1489-4682-910E-3C1180937D86}.Release|Any CPU.ActiveCfg = Release|Any CPU
		{517F11A4-1489-4682-910E-3C1180937D86}.Release|Any CPU.Build.0 = Release|Any CPU
		{0FA32104-3AE6-44E8-BE86-FB9E7BB13F6C}.Debug|Any CPU.ActiveCfg = Debug|Any CPU
		{0FA32104-3AE6-44E8-BE86-FB9E7BB13F6C}.Debug|Any CPU.Build.0 = Debug|Any CPU
		{0FA32104-3AE6-44E8-BE86-FB9E7BB13F6C}.Release|Any CPU.ActiveCfg = Release|Any CPU
		{0FA32104-3AE6-44E8-BE86-FB9E7BB13F6C}.Release|Any CPU.Build.0 = Release|Any CPU
		{C958B1B8-7BF3-4645-8C6E-1F0E61F7610C}.Debug|Any CPU.ActiveCfg = Debug|Any CPU
		{C958B1B8-7BF3-4645-8C6E-1F0E61F7610C}.Debug|Any CPU.Build.0 = Debug|Any CPU
		{C958B1B8-7BF3-4645-8C6E-1F0E61F7610C}.Release|Any CPU.ActiveCfg = Release|Any CPU
		{C958B1B8-7BF3-4645-8C6E-1F0E61F7610C}.Release|Any CPU.Build.0 = Release|Any CPU
	EndGlobalSection
	GlobalSection(SolutionProperties) = preSolution
		HideSolutionNode = FALSE
	EndGlobalSection
EndGlobal
